
Microsoft Visual Studio Solution File, Format Version 12.00
# Visual Studio Version 16
VisualStudioVersion = 16.0.31829.152
MinimumVisualStudioVersion = 10.0.40219.1
Project("{9A19103F-16F7-4668-BE54-9A1E7A4F7556}") = "InternetForum.WebAPI", "InternetForum.WebAPI\InternetForum.WebAPI.csproj", "{CFCE9ED1-56FF-4840-8005-DCEEBC00C20A}"
EndProject
Project("{9A19103F-16F7-4668-BE54-9A1E7A4F7556}") = "InternetForum.DAL", "InternetForum.DAL\InternetForum.DAL.csproj", "{AD9B5928-C78B-4265-A407-CC5E7A27A2B0}"
EndProject
Project("{9A19103F-16F7-4668-BE54-9A1E7A4F7556}") = "InternetForum.BLL", "InternetForum.BLL\InternetForum.BLL.csproj", "{AF211844-2F93-4840-89FF-DDCB676293BE}"
EndProject
Project("{9A19103F-16F7-4668-BE54-9A1E7A4F7556}") = "InternetForum.Administration.DAL", "InternetForum.UserManager.DAL\InternetForum.Administration.DAL.csproj", "{D842CFFC-D05C-4E12-8D5F-A4C2F0B0F01F}"
EndProject
Project("{9A19103F-16F7-4668-BE54-9A1E7A4F7556}") = "RepositoryTesting", "RepositoryTesting\RepositoryTesting.csproj", "{3E19D3F1-ED4C-491D-8C54-BE37C2C741C0}"
EndProject
Project("{9A19103F-16F7-4668-BE54-9A1E7A4F7556}") = "BLL.Tests", "BLL.Tests\BLL.Tests.csproj", "{8E4B95BF-EF49-4D16-9AFE-5C6AA82A7C12}"
EndProject
Global
	GlobalSection(SolutionConfigurationPlatforms) = preSolution
		Debug|Any CPU = Debug|Any CPU
		Release|Any CPU = Release|Any CPU
	EndGlobalSection
	GlobalSection(ProjectConfigurationPlatforms) = postSolution
		{CFCE9ED1-56FF-4840-8005-DCEEBC00C20A}.Debug|Any CPU.ActiveCfg = Debug|Any CPU
		{CFCE9ED1-56FF-4840-8005-DCEEBC00C20A}.Debug|Any CPU.Build.0 = Debug|Any CPU
		{CFCE9ED1-56FF-4840-8005-DCEEBC00C20A}.Release|Any CPU.ActiveCfg = Release|Any CPU
		{CFCE9ED1-56FF-4840-8005-DCEEBC00C20A}.Release|Any CPU.Build.0 = Release|Any CPU
		{AD9B5928-C78B-4265-A407-CC5E7A27A2B0}.Debug|Any CPU.ActiveCfg = Debug|Any CPU
		{AD9B5928-C78B-4265-A407-CC5E7A27A2B0}.Debug|Any CPU.Build.0 = Debug|Any CPU
		{AD9B5928-C78B-4265-A407-CC5E7A27A2B0}.Release|Any CPU.ActiveCfg = Release|Any CPU
		{AD9B5928-C78B-4265-A407-CC5E7A27A2B0}.Release|Any CPU.Build.0 = Release|Any CPU
		{AF211844-2F93-4840-89FF-DDCB676293BE}.Debug|Any CPU.ActiveCfg = Debug|Any CPU
		{AF211844-2F93-4840-89FF-DDCB676293BE}.Debug|Any CPU.Build.0 = Debug|Any CPU
		{AF211844-2F93-4840-89FF-DDCB676293BE}.Release|Any CPU.ActiveCfg = Release|Any CPU
		{AF211844-2F93-4840-89FF-DDCB676293BE}.Release|Any CPU.Build.0 = Release|Any CPU
		{D842CFFC-D05C-4E12-8D5F-A4C2F0B0F01F}.Debug|Any CPU.ActiveCfg = Debug|Any CPU
		{D842CFFC-D05C-4E12-8D5F-A4C2F0B0F01F}.Debug|Any CPU.Build.0 = Debug|Any CPU
		{D842CFFC-D05C-4E12-8D5F-A4C2F0B0F01F}.Release|Any CPU.ActiveCfg = Release|Any CPU
		{D842CFFC-D05C-4E12-8D5F-A4C2F0B0F01F}.Release|Any CPU.Build.0 = Release|Any CPU
		{3E19D3F1-ED4C-491D-8C54-BE37C2C741C0}.Debug|Any CPU.ActiveCfg = Debug|Any CPU
		{3E19D3F1-ED4C-491D-8C54-BE37C2C741C0}.Debug|Any CPU.Build.0 = Debug|Any CPU
		{3E19D3F1-ED4C-491D-8C54-BE37C2C741C0}.Release|Any CPU.ActiveCfg = Release|Any CPU
		{3E19D3F1-ED4C-491D-8C54-BE37C2C741C0}.Release|Any CPU.Build.0 = Release|Any CPU
		{8E4B95BF-EF49-4D16-9AFE-5C6AA82A7C12}.Debug|Any CPU.ActiveCfg = Debug|Any CPU
		{8E4B95BF-EF49-4D16-9AFE-5C6AA82A7C12}.Debug|Any CPU.Build.0 = Debug|Any CPU
		{8E4B95BF-EF49-4D16-9AFE-5C6AA82A7C12}.Release|Any CPU.ActiveCfg = Release|Any CPU
		{8E4B95BF-EF49-4D16-9AFE-5C6AA82A7C12}.Release|Any CPU.Build.0 = Release|Any CPU
	EndGlobalSection
	GlobalSection(SolutionProperties) = preSolution
		HideSolutionNode = FALSE
	EndGlobalSection
	GlobalSection(ExtensibilityGlobals) = postSolution
		SolutionGuid = {2242CEF4-EF00-4116-A1B4-E08729D54A52}
	EndGlobalSection
EndGlobal
