
Microsoft Visual Studio Solution File, Format Version 12.00
# Visual Studio Version 16
VisualStudioVersion = 16.0.31829.152
MinimumVisualStudioVersion = 10.0.40219.1
Project("{9A19103F-16F7-4668-BE54-9A1E7A4F7556}") = "InternetForum.WebAPI", "InternetForum.WebAPI\InternetForum.WebAPI.csproj", "{CFCE9ED1-56FF-4840-8005-DCEEBC00C20A}"
EndProject
Project("{FAE04EC0-301F-11D3-BF4B-00C04F79EFBC}") = "InternetForum.DAL", "InternetForum.DAL\InternetForum.DAL.csproj", "{AD9B5928-C78B-4265-A407-CC5E7A27A2B0}"
EndProject
Project("{FAE04EC0-301F-11D3-BF4B-00C04F79EFBC}") = "InternetForum.BLL", "InternetForum.BLL\InternetForum.BLL.csproj", "{AF211844-2F93-4840-89FF-DDCB676293BE}"
EndProject
Global
	GlobalSection(SolutionConfigurationPlatforms) = preSolution
		Debug|Any CPU = Debug|Any CPU
		Release|Any CPU = Release|Any CPU
	EndGlobalSection
	GlobalSection(ProjectConfigurationPlatforms) = postSolution
		{CFCE9ED1-56FF-4840-8005-DCEEBC00C20A}.Debug|Any CPU.ActiveCfg = Debug|Any CPU
		{CFCE9ED1-56FF-4840-8005-DCEEBC00C20A}.Debug|Any CPU.Build.0 = Debug|Any CPU
		{CFCE9ED1-56FF-4840-8005-DCEEBC00C20A}.Release|Any CPU.ActiveCfg = Release|Any CPU
		{CFCE9ED1-56FF-4840-8005-DCEEBC00C20A}.Release|Any CPU.Build.0 = Release|Any CPU
		{AD9B5928-C78B-4265-A407-CC5E7A27A2B0}.Debug|Any CPU.ActiveCfg = Debug|Any CPU
		{AD9B5928-C78B-4265-A407-CC5E7A27A2B0}.Debug|Any CPU.Build.0 = Debug|Any CPU
		{AD9B5928-C78B-4265-A407-CC5E7A27A2B0}.Release|Any CPU.ActiveCfg = Release|Any CPU
		{AD9B5928-C78B-4265-A407-CC5E7A27A2B0}.Release|Any CPU.Build.0 = Release|Any CPU
		{AF211844-2F93-4840-89FF-DDCB676293BE}.Debug|Any CPU.ActiveCfg = Debug|Any CPU
		{AF211844-2F93-4840-89FF-DDCB676293BE}.Debug|Any CPU.Build.0 = Debug|Any CPU
		{AF211844-2F93-4840-89FF-DDCB676293BE}.Release|Any CPU.ActiveCfg = Release|Any CPU
		{AF211844-2F93-4840-89FF-DDCB676293BE}.Release|Any CPU.Build.0 = Release|Any CPU
	EndGlobalSection
	GlobalSection(SolutionProperties) = preSolution
		HideSolutionNode = FALSE
	EndGlobalSection
	GlobalSection(ExtensibilityGlobals) = postSolution
		SolutionGuid = {2242CEF4-EF00-4116-A1B4-E08729D54A52}
	EndGlobalSection
EndGlobal
